
Microsoft Visual Studio Solution File, Format Version 12.00
# Visual Studio Version 17
VisualStudioVersion = 17.2.32630.192
MinimumVisualStudioVersion = 10.0.40219.1
Project("{9A19103F-16F7-4668-BE54-9A1E7A4F7556}") = "Database", "Database\Database.csproj", "{1CE096B8-322E-42DA-9A99-2600AF41F797}"
EndProject
Project("{9A19103F-16F7-4668-BE54-9A1E7A4F7556}") = "Database.Tests", "Database.Tests\Database.Tests.csproj", "{B7A5F44E-8272-4038-BD87-04B842E8B67B}"
EndProject
Project("{FAE04EC0-301F-11D3-BF4B-00C04F79EFBC}") = "ExtendedDatabase", "ExtendedDatabase\ExtendedDatabase.csproj", "{BA8A8941-EFE3-44C7-ADE7-BD7197B6D941}"
EndProject
Project("{FAE04EC0-301F-11D3-BF4B-00C04F79EFBC}") = "ExtendedDatabase.Tests", "ExtendedDatabase.Tests\ExtendedDatabase.Tests.csproj", "{D7E56E7D-856F-46FA-A6D7-A6E840EF6436}"
EndProject
Project("{FAE04EC0-301F-11D3-BF4B-00C04F79EFBC}") = "CarManager", "CarManager\CarManager.csproj", "{A272CA95-9E5B-4D2C-B2AA-5C686E690C4B}"
EndProject
Project("{FAE04EC0-301F-11D3-BF4B-00C04F79EFBC}") = "CarManager.Tests", "CarManager.Tests\CarManager.Tests.csproj", "{6B031E23-5398-4A08-B897-30D5FA71F084}"
EndProject
Global
	GlobalSection(SolutionConfigurationPlatforms) = preSolution
		Debug|Any CPU = Debug|Any CPU
		Release|Any CPU = Release|Any CPU
	EndGlobalSection
	GlobalSection(ProjectConfigurationPlatforms) = postSolution
		{1CE096B8-322E-42DA-9A99-2600AF41F797}.Debug|Any CPU.ActiveCfg = Debug|Any CPU
		{1CE096B8-322E-42DA-9A99-2600AF41F797}.Debug|Any CPU.Build.0 = Debug|Any CPU
		{1CE096B8-322E-42DA-9A99-2600AF41F797}.Release|Any CPU.ActiveCfg = Release|Any CPU
		{1CE096B8-322E-42DA-9A99-2600AF41F797}.Release|Any CPU.Build.0 = Release|Any CPU
		{B7A5F44E-8272-4038-BD87-04B842E8B67B}.Debug|Any CPU.ActiveCfg = Debug|Any CPU
		{B7A5F44E-8272-4038-BD87-04B842E8B67B}.Debug|Any CPU.Build.0 = Debug|Any CPU
		{B7A5F44E-8272-4038-BD87-04B842E8B67B}.Release|Any CPU.ActiveCfg = Release|Any CPU
		{B7A5F44E-8272-4038-BD87-04B842E8B67B}.Release|Any CPU.Build.0 = Release|Any CPU
		{BA8A8941-EFE3-44C7-ADE7-BD7197B6D941}.Debug|Any CPU.ActiveCfg = Debug|Any CPU
		{BA8A8941-EFE3-44C7-ADE7-BD7197B6D941}.Debug|Any CPU.Build.0 = Debug|Any CPU
		{BA8A8941-EFE3-44C7-ADE7-BD7197B6D941}.Release|Any CPU.ActiveCfg = Release|Any CPU
		{BA8A8941-EFE3-44C7-ADE7-BD7197B6D941}.Release|Any CPU.Build.0 = Release|Any CPU
		{D7E56E7D-856F-46FA-A6D7-A6E840EF6436}.Debug|Any CPU.ActiveCfg = Debug|Any CPU
		{D7E56E7D-856F-46FA-A6D7-A6E840EF6436}.Debug|Any CPU.Build.0 = Debug|Any CPU
		{D7E56E7D-856F-46FA-A6D7-A6E840EF6436}.Release|Any CPU.ActiveCfg = Release|Any CPU
		{D7E56E7D-856F-46FA-A6D7-A6E840EF6436}.Release|Any CPU.Build.0 = Release|Any CPU
		{A272CA95-9E5B-4D2C-B2AA-5C686E690C4B}.Debug|Any CPU.ActiveCfg = Debug|Any CPU
		{A272CA95-9E5B-4D2C-B2AA-5C686E690C4B}.Debug|Any CPU.Build.0 = Debug|Any CPU
		{A272CA95-9E5B-4D2C-B2AA-5C686E690C4B}.Release|Any CPU.ActiveCfg = Release|Any CPU
		{A272CA95-9E5B-4D2C-B2AA-5C686E690C4B}.Release|Any CPU.Build.0 = Release|Any CPU
		{6B031E23-5398-4A08-B897-30D5FA71F084}.Debug|Any CPU.ActiveCfg = Debug|Any CPU
		{6B031E23-5398-4A08-B897-30D5FA71F084}.Debug|Any CPU.Build.0 = Debug|Any CPU
		{6B031E23-5398-4A08-B897-30D5FA71F084}.Release|Any CPU.ActiveCfg = Release|Any CPU
		{6B031E23-5398-4A08-B897-30D5FA71F084}.Release|Any CPU.Build.0 = Release|Any CPU
	EndGlobalSection
	GlobalSection(SolutionProperties) = preSolution
		HideSolutionNode = FALSE
	EndGlobalSection
	GlobalSection(ExtensibilityGlobals) = postSolution
		SolutionGuid = {EFFC3774-6EA7-4278-96C0-2245E22DCB0F}
	EndGlobalSection
EndGlobal
