
Microsoft Visual Studio Solution File, Format Version 12.00
# Visual Studio Version 17
VisualStudioVersion = 17.2.32630.192
MinimumVisualStudioVersion = 10.0.40219.1
Project("{9A19103F-16F7-4668-BE54-9A1E7A4F7556}") = "01.Vehicles", "01.Vehicles\01.Vehicles.csproj", "{D31C94A1-A9E3-4D54-B389-5817EE2588DC}"
EndProject
Project("{9A19103F-16F7-4668-BE54-9A1E7A4F7556}") = "02.VehicleExtension", "02.VehicleExtension\02.VehicleExtension.csproj", "{1CA19A23-FE04-4879-9FF0-D6AEE5FBB2EB}"
EndProject
Project("{FAE04EC0-301F-11D3-BF4B-00C04F79EFBC}") = "03.Raiding", "03.Raiding\03.Raiding.csproj", "{3CAFAB03-F5AC-4DDA-BBC0-D191BF716FC4}"
EndProject
Project("{FAE04EC0-301F-11D3-BF4B-00C04F79EFBC}") = "04.WildFarm", "04.WildFarm\04.WildFarm.csproj", "{46EABD32-7340-4D5C-BC31-13C3FEDF1DE8}"
EndProject
Global
	GlobalSection(SolutionConfigurationPlatforms) = preSolution
		Debug|Any CPU = Debug|Any CPU
		Release|Any CPU = Release|Any CPU
	EndGlobalSection
	GlobalSection(ProjectConfigurationPlatforms) = postSolution
		{D31C94A1-A9E3-4D54-B389-5817EE2588DC}.Debug|Any CPU.ActiveCfg = Debug|Any CPU
		{D31C94A1-A9E3-4D54-B389-5817EE2588DC}.Debug|Any CPU.Build.0 = Debug|Any CPU
		{D31C94A1-A9E3-4D54-B389-5817EE2588DC}.Release|Any CPU.ActiveCfg = Release|Any CPU
		{D31C94A1-A9E3-4D54-B389-5817EE2588DC}.Release|Any CPU.Build.0 = Release|Any CPU
		{1CA19A23-FE04-4879-9FF0-D6AEE5FBB2EB}.Debug|Any CPU.ActiveCfg = Debug|Any CPU
		{1CA19A23-FE04-4879-9FF0-D6AEE5FBB2EB}.Debug|Any CPU.Build.0 = Debug|Any CPU
		{1CA19A23-FE04-4879-9FF0-D6AEE5FBB2EB}.Release|Any CPU.ActiveCfg = Release|Any CPU
		{1CA19A23-FE04-4879-9FF0-D6AEE5FBB2EB}.Release|Any CPU.Build.0 = Release|Any CPU
		{3CAFAB03-F5AC-4DDA-BBC0-D191BF716FC4}.Debug|Any CPU.ActiveCfg = Debug|Any CPU
		{3CAFAB03-F5AC-4DDA-BBC0-D191BF716FC4}.Debug|Any CPU.Build.0 = Debug|Any CPU
		{3CAFAB03-F5AC-4DDA-BBC0-D191BF716FC4}.Release|Any CPU.ActiveCfg = Release|Any CPU
		{3CAFAB03-F5AC-4DDA-BBC0-D191BF716FC4}.Release|Any CPU.Build.0 = Release|Any CPU
		{46EABD32-7340-4D5C-BC31-13C3FEDF1DE8}.Debug|Any CPU.ActiveCfg = Debug|Any CPU
		{46EABD32-7340-4D5C-BC31-13C3FEDF1DE8}.Debug|Any CPU.Build.0 = Debug|Any CPU
		{46EABD32-7340-4D5C-BC31-13C3FEDF1DE8}.Release|Any CPU.ActiveCfg = Release|Any CPU
		{46EABD32-7340-4D5C-BC31-13C3FEDF1DE8}.Release|Any CPU.Build.0 = Release|Any CPU
	EndGlobalSection
	GlobalSection(SolutionProperties) = preSolution
		HideSolutionNode = FALSE
	EndGlobalSection
	GlobalSection(ExtensibilityGlobals) = postSolution
		SolutionGuid = {7B5823EB-43DF-4973-AA65-CDC11FA93DD3}
	EndGlobalSection
EndGlobal
