
Microsoft Visual Studio Solution File, Format Version 12.00
# Visual Studio Version 17
VisualStudioVersion = 17.3.32804.467
MinimumVisualStudioVersion = 10.0.40219.1
Project("{FAE04EC0-301F-11D3-BF4B-00C04F79EFBC}") = "OnlineShop", "OnlineShop\OnlineShop.csproj", "{D691964F-322A-4AC5-828E-85C2BB436D2B}"
EndProject
Project("{FAE04EC0-301F-11D3-BF4B-00C04F79EFBC}") = "Computers.Tests", "OnlineShop.Tests\Computers.Tests.csproj", "{B4F0B209-4A71-4772-AD20-AAED7226AA96}"
EndProject
Project("{FAE04EC0-301F-11D3-BF4B-00C04F79EFBC}") = "Computers", "Computers\Computers.csproj", "{9069F02E-D628-4EA1-9ADB-284CDF7A320D}"
EndProject
Global
	GlobalSection(SolutionConfigurationPlatforms) = preSolution
		Debug|Any CPU = Debug|Any CPU
		Release|Any CPU = Release|Any CPU
	EndGlobalSection
	GlobalSection(ProjectConfigurationPlatforms) = postSolution
		{D691964F-322A-4AC5-828E-85C2BB436D2B}.Debug|Any CPU.ActiveCfg = Debug|Any CPU
		{D691964F-322A-4AC5-828E-85C2BB436D2B}.Debug|Any CPU.Build.0 = Debug|Any CPU
		{D691964F-322A-4AC5-828E-85C2BB436D2B}.Release|Any CPU.ActiveCfg = Release|Any CPU
		{D691964F-322A-4AC5-828E-85C2BB436D2B}.Release|Any CPU.Build.0 = Release|Any CPU
		{B4F0B209-4A71-4772-AD20-AAED7226AA96}.Debug|Any CPU.ActiveCfg = Debug|Any CPU
		{B4F0B209-4A71-4772-AD20-AAED7226AA96}.Debug|Any CPU.Build.0 = Debug|Any CPU
		{B4F0B209-4A71-4772-AD20-AAED7226AA96}.Release|Any CPU.ActiveCfg = Release|Any CPU
		{B4F0B209-4A71-4772-AD20-AAED7226AA96}.Release|Any CPU.Build.0 = Release|Any CPU
		{9069F02E-D628-4EA1-9ADB-284CDF7A320D}.Debug|Any CPU.ActiveCfg = Debug|Any CPU
		{9069F02E-D628-4EA1-9ADB-284CDF7A320D}.Debug|Any CPU.Build.0 = Debug|Any CPU
		{9069F02E-D628-4EA1-9ADB-284CDF7A320D}.Release|Any CPU.ActiveCfg = Release|Any CPU
		{9069F02E-D628-4EA1-9ADB-284CDF7A320D}.Release|Any CPU.Build.0 = Release|Any CPU
	EndGlobalSection
	GlobalSection(SolutionProperties) = preSolution
		HideSolutionNode = FALSE
	EndGlobalSection
	GlobalSection(ExtensibilityGlobals) = postSolution
		SolutionGuid = {2596D53B-4500-4F8C-A5C8-F29F9F608E48}
	EndGlobalSection
EndGlobal
